// !$*UTF8*$!
{
	archiveVersion = 1;
	classes = {
	};
	objectVersion = 77;
	objects = {

/* Begin PBXBuildFile section */
		A20A67082FDFD1130017A9BA /* WidgetKit.framework in Frameworks */ = {isa = PBXBuildFile; fileRef = A20A67072FDFD1130017A9BA /* WidgetKit.framework */; };
		A20A670A2FDFD1130017A9BA /* SwiftUI.framework in Frameworks */ = {isa = PBXBuildFile; fileRef = A20A67092FDFD1130017A9BA /* SwiftUI.framework */; };
		A20A671B2FDFD1150017A9BA /* TodayWidgetExtension.appex in Embed Foundation Extensions */ = {isa = PBXBuildFile; fileRef = A20A67052FDFD1130017A9BA /* TodayWidgetExtension.appex */; settings = {ATTRIBUTES = (RemoveHeadersOnCopy, ); }; };
		A20A67222FDFD1290017A9BA /* RunCraftIntents in Frameworks */ = {isa = PBXBuildFile; productRef = A20A67212FDFD1290017A9BA /* RunCraftIntents */; };
		A20CBA8E2FE054EE0060F9C3 /* RunCraftWatch Watch App.app in Embed Watch Content */ = {isa = PBXBuildFile; fileRef = A20CBA842FE054EC0060F9C3 /* RunCraftWatch Watch App.app */; settings = {ATTRIBUTES = (RemoveHeadersOnCopy, ); }; };
		A20CBA942FE055D10060F9C3 /* AppleWatchSync in Frameworks */ = {isa = PBXBuildFile; productRef = A20CBA932FE055D10060F9C3 /* AppleWatchSync */; };
		A20CBA962FE055DD0060F9C3 /* RunCraftModels in Frameworks */ = {isa = PBXBuildFile; productRef = A20CBA952FE055DD0060F9C3 /* RunCraftModels */; };
		A2C910222FB830CB00D0D23E /* AppFeature in Frameworks */ = {isa = PBXBuildFile; productRef = A2C910212FB830CB00D0D23E /* AppFeature */; };
/* End PBXBuildFile section */

/* Begin PBXContainerItemProxy section */
		A20A67192FDFD1150017A9BA /* PBXContainerItemProxy */ = {
			isa = PBXContainerItemProxy;
			containerPortal = A2C90FFD2FB830CB00D0D23E /* Project object */;
			proxyType = 1;
			remoteGlobalIDString = A20A67042FDFD1130017A9BA;
			remoteInfo = TodayWidgetExtension;
		};
		A20CBA8C2FE054EE0060F9C3 /* PBXContainerItemProxy */ = {
			isa = PBXContainerItemProxy;
			containerPortal = A2C90FFD2FB830CB00D0D23E /* Project object */;
			proxyType = 1;
			remoteGlobalIDString = A20CBA832FE054EC0060F9C3;
			remoteInfo = "RunCraftWatch Watch App";
		};
/* End PBXContainerItemProxy section */

/* Begin PBXCopyFilesBuildPhase section */
		A20A67202FDFD1150017A9BA /* Embed Foundation Extensions */ = {
			isa = PBXCopyFilesBuildPhase;
			buildActionMask = 2147483647;
			dstPath = "";
			dstSubfolderSpec = 13;
			files = (
				A20A671B2FDFD1150017A9BA /* TodayWidgetExtension.appex in Embed Foundation Extensions */,
			);
			name = "Embed Foundation Extensions";
			runOnlyForDeploymentPostprocessing = 0;
		};
		A20A67432FE053F80017A9BA /* Embed Watch Content */ = {
			isa = PBXCopyFilesBuildPhase;
			buildActionMask = 2147483647;
			dstPath = "$(CONTENTS_FOLDER_PATH)/Watch";
			dstSubfolderSpec = 16;
			files = (
				A20CBA8E2FE054EE0060F9C3 /* RunCraftWatch Watch App.app in Embed Watch Content */,
			);
			name = "Embed Watch Content";
			runOnlyForDeploymentPostprocessing = 0;
		};
/* End PBXCopyFilesBuildPhase section */

/* Begin PBXFileReference section */
		A20A67052FDFD1130017A9BA /* TodayWidgetExtension.appex */ = {isa = PBXFileReference; explicitFileType = "wrapper.app-extension"; includeInIndex = 0; path = TodayWidgetExtension.appex; sourceTree = BUILT_PRODUCTS_DIR; };
		A20A67072FDFD1130017A9BA /* WidgetKit.framework */ = {isa = PBXFileReference; lastKnownFileType = wrapper.framework; name = WidgetKit.framework; path = System/Library/Frameworks/WidgetKit.framework; sourceTree = SDKROOT; };
		A20A67092FDFD1130017A9BA /* SwiftUI.framework */ = {isa = PBXFileReference; lastKnownFileType = wrapper.framework; name = SwiftUI.framework; path = System/Library/Frameworks/SwiftUI.framework; sourceTree = SDKROOT; };
		A20A67232FDFD1360017A9BA /* TodayWidgetExtension.entitlements */ = {isa = PBXFileReference; lastKnownFileType = text.plist.entitlements; path = TodayWidgetExtension.entitlements; sourceTree = "<group>"; };
		A20CBA842FE054EC0060F9C3 /* RunCraftWatch Watch App.app */ = {isa = PBXFileReference; explicitFileType = wrapper.application; includeInIndex = 0; path = "RunCraftWatch Watch App.app"; sourceTree = BUILT_PRODUCTS_DIR; };
		A2C910052FB830CB00D0D23E /* RunCraft.app */ = {isa = PBXFileReference; explicitFileType = wrapper.application; includeInIndex = 0; path = RunCraft.app; sourceTree = BUILT_PRODUCTS_DIR; };
/* End PBXFileReference section */

/* Begin PBXFileSystemSynchronizedBuildFileExceptionSet section */
		A20A671F2FDFD1150017A9BA /* Exceptions for "TodayWidget" folder in "TodayWidgetExtension" target */ = {
			isa = PBXFileSystemSynchronizedBuildFileExceptionSet;
			membershipExceptions = (
				Info.plist,
			);
			target = A20A67042FDFD1130017A9BA /* TodayWidgetExtension */;
		};
		A2213D172FD576B10053570C /* Exceptions for "RunCraft" folder in "RunCraft" target */ = {
			isa = PBXFileSystemSynchronizedBuildFileExceptionSet;
			membershipExceptions = (
				Info.plist,
			);
			target = A2C910042FB830CB00D0D23E /* RunCraft */;
		};
/* End PBXFileSystemSynchronizedBuildFileExceptionSet section */

/* Begin PBXFileSystemSynchronizedRootGroup section */
		A20A670B2FDFD1130017A9BA /* TodayWidget */ = {
			isa = PBXFileSystemSynchronizedRootGroup;
			exceptions = (
				A20A671F2FDFD1150017A9BA /* Exceptions for "TodayWidget" folder in "TodayWidgetExtension" target */,
			);
			path = TodayWidget;
			sourceTree = "<group>";
		};
		A20CBA852FE054EC0060F9C3 /* RunCraftWatch Watch App */ = {
			isa = PBXFileSystemSynchronizedRootGroup;
			path = "RunCraftWatch Watch App";
			sourceTree = "<group>";
		};
		A2C910072FB830CB00D0D23E /* RunCraft */ = {
			isa = PBXFileSystemSynchronizedRootGroup;
			exceptions = (
				A2213D172FD576B10053570C /* Exceptions for "RunCraft" folder in "RunCraft" target */,
			);
			path = RunCraft;
			sourceTree = "<group>";
		};
/* End PBXFileSystemSynchronizedRootGroup section */

/* Begin PBXFrameworksBuildPhase section */
		A20A67022FDFD1130017A9BA /* Frameworks */ = {
			isa = PBXFrameworksBuildPhase;
			buildActionMask = 2147483647;
			files = (
				A20A670A2FDFD1130017A9BA /* SwiftUI.framework in Frameworks */,
				A20A67222FDFD1290017A9BA /* RunCraftIntents in Frameworks */,
				A20A67082FDFD1130017A9BA /* WidgetKit.framework in Frameworks */,
			);
			runOnlyForDeploymentPostprocessing = 0;
		};
		A20CBA812FE054EC0060F9C3 /* Frameworks */ = {
			isa = PBXFrameworksBuildPhase;
			buildActionMask = 2147483647;
			files = (
				A20CBA942FE055D10060F9C3 /* AppleWatchSync in Frameworks */,
				A20CBA962FE055DD0060F9C3 /* RunCraftModels in Frameworks */,
			);
			runOnlyForDeploymentPostprocessing = 0;
		};
		A2C910022FB830CB00D0D23E /* Frameworks */ = {
			isa = PBXFrameworksBuildPhase;
			buildActionMask = 2147483647;
			files = (
				A2C910222FB830CB00D0D23E /* AppFeature in Frameworks */,
			);
			runOnlyForDeploymentPostprocessing = 0;
		};
/* End PBXFrameworksBuildPhase section */

/* Begin PBXGroup section */
		A20A67062FDFD1130017A9BA /* Frameworks */ = {
			isa = PBXGroup;
			children = (
				A20A67072FDFD1130017A9BA /* WidgetKit.framework */,
				A20A67092FDFD1130017A9BA /* SwiftUI.framework */,
			);
			name = Frameworks;
			sourceTree = "<group>";
		};
		A2C90FFC2FB830CB00D0D23E = {
			isa = PBXGroup;
			children = (
				A20A67232FDFD1360017A9BA /* TodayWidgetExtension.entitlements */,
				A2C910072FB830CB00D0D23E /* RunCraft */,
				A20A670B2FDFD1130017A9BA /* TodayWidget */,
				A20CBA852FE054EC0060F9C3 /* RunCraftWatch Watch App */,
				A20A67062FDFD1130017A9BA /* Frameworks */,
				A2C910062FB830CB00D0D23E /* Products */,
			);
			sourceTree = "<group>";
		};
		A2C910062FB830CB00D0D23E /* Products */ = {
			isa = PBXGroup;
			children = (
				A2C910052FB830CB00D0D23E /* RunCraft.app */,
				A20A67052FDFD1130017A9BA /* TodayWidgetExtension.appex */,
				A20CBA842FE054EC0060F9C3 /* RunCraftWatch Watch App.app */,
			);
			name = Products;
			sourceTree = "<group>";
		};
/* End PBXGroup section */

/* Begin PBXNativeTarget section */
		A20A67042FDFD1130017A9BA /* TodayWidgetExtension */ = {
			isa = PBXNativeTarget;
			buildConfigurationList = A20A671C2FDFD1150017A9BA /* Build configuration list for PBXNativeTarget "TodayWidgetExtension" */;
			buildPhases = (
				A20A67012FDFD1130017A9BA /* Sources */,
				A20A67022FDFD1130017A9BA /* Frameworks */,
				A20A67032FDFD1130017A9BA /* Resources */,
			);
			buildRules = (
			);
			dependencies = (
			);
			fileSystemSynchronizedGroups = (
				A20A670B2FDFD1130017A9BA /* TodayWidget */,
			);
			name = TodayWidgetExtension;
			packageProductDependencies = (
				A20A67212FDFD1290017A9BA /* RunCraftIntents */,
			);
			productName = TodayWidgetExtension;
			productReference = A20A67052FDFD1130017A9BA /* TodayWidgetExtension.appex */;
			productType = "com.apple.product-type.app-extension";
		};
		A20CBA832FE054EC0060F9C3 /* RunCraftWatch Watch App */ = {
			isa = PBXNativeTarget;
			buildConfigurationList = A20CBA912FE054EE0060F9C3 /* Build configuration list for PBXNativeTarget "RunCraftWatch Watch App" */;
			buildPhases = (
				A20CBA802FE054EC0060F9C3 /* Sources */,
				A20CBA812FE054EC0060F9C3 /* Frameworks */,
				A20CBA822FE054EC0060F9C3 /* Resources */,
			);
			buildRules = (
			);
			dependencies = (
			);
			fileSystemSynchronizedGroups = (
				A20CBA852FE054EC0060F9C3 /* RunCraftWatch Watch App */,
			);
			name = "RunCraftWatch Watch App";
			packageProductDependencies = (
				A20CBA932FE055D10060F9C3 /* AppleWatchSync */,
				A20CBA952FE055DD0060F9C3 /* RunCraftModels */,
			);
			productName = "RunCraftWatch Watch App";
			productReference = A20CBA842FE054EC0060F9C3 /* RunCraftWatch Watch App.app */;
			productType = "com.apple.product-type.application";
		};
		A2C910042FB830CB00D0D23E /* RunCraft */ = {
			isa = PBXNativeTarget;
			buildConfigurationList = A2C910102FB830CD00D0D23E /* Build configuration list for PBXNativeTarget "RunCraft" */;
			buildPhases = (
				A2C910012FB830CB00D0D23E /* Sources */,
				A2C910022FB830CB00D0D23E /* Frameworks */,
				A2C910032FB830CB00D0D23E /* Resources */,
				A20A67202FDFD1150017A9BA /* Embed Foundation Extensions */,
				A20A67432FE053F80017A9BA /* Embed Watch Content */,
			);
			buildRules = (
			);
			dependencies = (
				A20A671A2FDFD1150017A9BA /* PBXTargetDependency */,
				A20CBA8D2FE054EE0060F9C3 /* PBXTargetDependency */,
			);
			fileSystemSynchronizedGroups = (
				A2C910072FB830CB00D0D23E /* RunCraft */,
			);
			name = RunCraft;
			packageProductDependencies = (
				A2C910212FB830CB00D0D23E /* AppFeature */,
			);
			productName = RunCraft;
			productReference = A2C910052FB830CB00D0D23E /* RunCraft.app */;
			productType = "com.apple.product-type.application";
		};
/* End PBXNativeTarget section */

/* Begin PBXProject section */
		A2C90FFD2FB830CB00D0D23E /* Project object */ = {
			isa = PBXProject;
			attributes = {
				BuildIndependentTargetsInParallel = 1;
				LastSwiftUpdateCheck = 2650;
				LastUpgradeCheck = 2640;
				TargetAttributes = {
					A20A67042FDFD1130017A9BA = {
						CreatedOnToolsVersion = 26.5;
					};
					A20CBA832FE054EC0060F9C3 = {
						CreatedOnToolsVersion = 26.5;
					};
					A2C910042FB830CB00D0D23E = {
						CreatedOnToolsVersion = 26.4;
					};
				};
			};
			buildConfigurationList = A2C910002FB830CB00D0D23E /* Build configuration list for PBXProject "RunCraft" */;
			developmentRegion = en;
			hasScannedForEncodings = 0;
			knownRegions = (
				en,
				Base,
				"zh-Hant",
				"zh-Hans",
				ja,
				ko,
			);
			mainGroup = A2C90FFC2FB830CB00D0D23E;
			minimizedProjectReferenceProxies = 1;
			packageReferences = (
				A2C910202FB830CB00D0D23E /* XCLocalSwiftPackageReference "../RunCraftPackage" */,
			);
			preferredProjectObjectVersion = 77;
			productRefGroup = A2C910062FB830CB00D0D23E /* Products */;
			projectDirPath = "";
			projectRoot = "";
			targets = (
				A2C910042FB830CB00D0D23E /* RunCraft */,
				A20A67042FDFD1130017A9BA /* TodayWidgetExtension */,
				A20CBA832FE054EC0060F9C3 /* RunCraftWatch Watch App */,
			);
		};
/* End PBXProject section */

/* Begin PBXResourcesBuildPhase section */
		A20A67032FDFD1130017A9BA /* Resources */ = {
			isa = PBXResourcesBuildPhase;
			buildActionMask = 2147483647;
			files = (
			);
			runOnlyForDeploymentPostprocessing = 0;
		};
		A20CBA822FE054EC0060F9C3 /* Resources */ = {
			isa = PBXResourcesBuildPhase;
			buildActionMask = 2147483647;
			files = (
			);
			runOnlyForDeploymentPostprocessing = 0;
		};
		A2C910032FB830CB00D0D23E /* Resources */ = {
			isa = PBXResourcesBuildPhase;
			buildActionMask = 2147483647;
			files = (
			);
			runOnlyForDeploymentPostprocessing = 0;
		};
/* End PBXResourcesBuildPhase section */

/* Begin PBXSourcesBuildPhase section */
		A20A67012FDFD1130017A9BA /* Sources */ = {
			isa = PBXSourcesBuildPhase;
			buildActionMask = 2147483647;
			files = (
			);
			runOnlyForDeploymentPostprocessing = 0;
		};
		A20CBA802FE054EC0060F9C3 /* Sources */ = {
			isa = PBXSourcesBuildPhase;
			buildActionMask = 2147483647;
			files = (
			);
			runOnlyForDeploymentPostprocessing = 0;
		};
		A2C910012FB830CB00D0D23E /* Sources */ = {
			isa = PBXSourcesBuildPhase;
			buildActionMask = 2147483647;
			files = (
			);
			runOnlyForDeploymentPostprocessing = 0;
		};
/* End PBXSourcesBuildPhase section */

/* Begin PBXTargetDependency section */
		A20A671A2FDFD1150017A9BA /* PBXTargetDependency */ = {
			isa = PBXTargetDependency;
			target = A20A67042FDFD1130017A9BA /* TodayWidgetExtension */;
			targetProxy = A20A67192FDFD1150017A9BA /* PBXContainerItemProxy */;
		};
		A20CBA8D2FE054EE0060F9C3 /* PBXTargetDependency */ = {
			isa = PBXTargetDependency;
			target = A20CBA832FE054EC0060F9C3 /* RunCraftWatch Watch App */;
			targetProxy = A20CBA8C2FE054EE0060F9C3 /* PBXContainerItemProxy */;
		};
/* End PBXTargetDependency section */

/* Begin XCBuildConfiguration section */
		A20A671D2FDFD1150017A9BA /* Debug */ = {
			isa = XCBuildConfiguration;
			buildSettings = {
				ASSETCATALOG_COMPILER_GLOBAL_ACCENT_COLOR_NAME = AccentColor;
				ASSETCATALOG_COMPILER_WIDGET_BACKGROUND_COLOR_NAME = WidgetBackground;
				CODE_SIGN_ENTITLEMENTS = TodayWidgetExtension.entitlements;
				CODE_SIGN_STYLE = Automatic;
				CURRENT_PROJECT_VERSION = 1;
				DEVELOPMENT_TEAM = 9PRFX23G7R;
				GENERATE_INFOPLIST_FILE = YES;
				INFOPLIST_FILE = TodayWidget/Info.plist;
				INFOPLIST_KEY_CFBundleDisplayName = TodayWidget;
				INFOPLIST_KEY_NSHealthShareUsageDescription = "RunCraft reads your running history, HRV, and sleep to detect VDOT improvements and recommend recovery days for your training plan.";
				INFOPLIST_KEY_NSHealthUpdateUsageDescription = "RunCraft saves completed workouts so they sync with the Fitness app and inform your training progress.";
				INFOPLIST_KEY_NSHumanReadableCopyright = "";
				IPHONEOS_DEPLOYMENT_TARGET = 26.5;
				LD_RUNPATH_SEARCH_PATHS = (
					"$(inherited)",
					"@executable_path/Frameworks",
					"@executable_path/../../Frameworks",
				);
				MARKETING_VERSION = 1.0;
				PRODUCT_BUNDLE_IDENTIFIER = io.marstudio.RunCraft.RunCraft.TodayWidget;
				PRODUCT_NAME = "$(TARGET_NAME)";
				SDKROOT = iphoneos;
				SKIP_INSTALL = YES;
				STRING_CATALOG_GENERATE_SYMBOLS = YES;
				SWIFT_APPROACHABLE_CONCURRENCY = YES;
				SWIFT_EMIT_LOC_STRINGS = YES;
				SWIFT_UPCOMING_FEATURE_MEMBER_IMPORT_VISIBILITY = YES;
				SWIFT_VERSION = 5.0;
				TARGETED_DEVICE_FAMILY = "1,2";
			};
			name = Debug;
		};
		A20A671E2FDFD1150017A9BA /* Release */ = {
			isa = XCBuildConfiguration;
			buildSettings = {
				ASSETCATALOG_COMPILER_GLOBAL_ACCENT_COLOR_NAME = AccentColor;
				ASSETCATALOG_COMPILER_WIDGET_BACKGROUND_COLOR_NAME = WidgetBackground;
				CODE_SIGN_ENTITLEMENTS = TodayWidgetExtension.entitlements;
				CODE_SIGN_STYLE = Automatic;
				CURRENT_PROJECT_VERSION = 1;
				DEVELOPMENT_TEAM = 9PRFX23G7R;
				GENERATE_INFOPLIST_FILE = YES;
				INFOPLIST_FILE = TodayWidget/Info.plist;
				INFOPLIST_KEY_CFBundleDisplayName = TodayWidget;
				INFOPLIST_KEY_NSHealthShareUsageDescription = "RunCraft reads your running history, HRV, and sleep to detect VDOT improvements and recommend recovery days for your training plan.";
				INFOPLIST_KEY_NSHealthUpdateUsageDescription = "RunCraft saves completed workouts so they sync with the Fitness app and inform your training progress.";
				INFOPLIST_KEY_NSHumanReadableCopyright = "";
				IPHONEOS_DEPLOYMENT_TARGET = 26.5;
				LD_RUNPATH_SEARCH_PATHS = (
					"$(inherited)",
					"@executable_path/Frameworks",
					"@executable_path/../../Frameworks",
				);
				MARKETING_VERSION = 1.0;
				PRODUCT_BUNDLE_IDENTIFIER = io.marstudio.RunCraft.RunCraft.TodayWidget;
				PRODUCT_NAME = "$(TARGET_NAME)";
				SDKROOT = iphoneos;
				SKIP_INSTALL = YES;
				STRING_CATALOG_GENERATE_SYMBOLS = YES;
				SWIFT_APPROACHABLE_CONCURRENCY = YES;
				SWIFT_EMIT_LOC_STRINGS = YES;
				SWIFT_UPCOMING_FEATURE_MEMBER_IMPORT_VISIBILITY = YES;
				SWIFT_VERSION = 5.0;
				TARGETED_DEVICE_FAMILY = "1,2";
				VALIDATE_PRODUCT = YES;
			};
			name = Release;
		};
		A20CBA8F2FE054EE0060F9C3 /* Debug */ = {
			isa = XCBuildConfiguration;
			buildSettings = {
				ASSETCATALOG_COMPILER_APPICON_NAME = AppIcon;
				ASSETCATALOG_COMPILER_GLOBAL_ACCENT_COLOR_NAME = AccentColor;
				CODE_SIGN_ENTITLEMENTS = "RunCraftWatch Watch App/RunCraftWatch Watch App.entitlements";
				CODE_SIGN_STYLE = Automatic;
				CURRENT_PROJECT_VERSION = 1;
				DEVELOPMENT_TEAM = 9PRFX23G7R;
				ENABLE_PREVIEWS = YES;
				GENERATE_INFOPLIST_FILE = YES;
				INFOPLIST_KEY_CFBundleDisplayName = RunCraftWatch;
				INFOPLIST_KEY_NSHealthShareUsageDescription = "RunCraft reads your running history, HRV, and sleep to detect VDOT improvements and recommend recovery days for your training plan.";
				INFOPLIST_KEY_NSHealthUpdateUsageDescription = "RunCraft saves completed workouts so they sync with the Fitness app and inform your training progress.";
				INFOPLIST_KEY_UISupportedInterfaceOrientations = "UIInterfaceOrientationPortrait UIInterfaceOrientationPortraitUpsideDown";
				INFOPLIST_KEY_WKCompanionAppBundleIdentifier = io.marstudio.RunCraft.RunCraft;
				LD_RUNPATH_SEARCH_PATHS = (
					"$(inherited)",
					"@executable_path/Frameworks",
				);
				MARKETING_VERSION = 1.0;
				PRODUCT_BUNDLE_IDENTIFIER = io.marstudio.RunCraft.RunCraft.watchkitapp;
				PRODUCT_NAME = "$(TARGET_NAME)";
				SDKROOT = watchos;
				SKIP_INSTALL = YES;
				STRING_CATALOG_GENERATE_SYMBOLS = YES;
				SWIFT_APPROACHABLE_CONCURRENCY = YES;
				SWIFT_DEFAULT_ACTOR_ISOLATION = MainActor;
				SWIFT_EMIT_LOC_STRINGS = YES;
				SWIFT_UPCOMING_FEATURE_MEMBER_IMPORT_VISIBILITY = YES;
				SWIFT_VERSION = 5.0;
				TARGETED_DEVICE_FAMILY = 4;
				WATCHOS_DEPLOYMENT_TARGET = 26.5;
			};
			name = Debug;
		};
		A20CBA902FE054EE0060F9C3 /* Release */ = {
			isa = XCBuildConfiguration;
			buildSettings = {
				ASSETCATALOG_COMPILER_APPICON_NAME = AppIcon;
				ASSETCATALOG_COMPILER_GLOBAL_ACCENT_COLOR_NAME = AccentColor;
				CODE_SIGN_ENTITLEMENTS = "RunCraftWatch Watch App/RunCraftWatch Watch App.entitlements";
				CODE_SIGN_STYLE = Automatic;
				CURRENT_PROJECT_VERSION = 1;
				DEVELOPMENT_TEAM = 9PRFX23G7R;
				ENABLE_PREVIEWS = YES;
				GENERATE_INFOPLIST_FILE = YES;
				INFOPLIST_KEY_CFBundleDisplayName = RunCraftWatch;
				INFOPLIST_KEY_NSHealthShareUsageDescription = "RunCraft reads your running history, HRV, and sleep to detect VDOT improvements and recommend recovery days for your training plan.";
				INFOPLIST_KEY_NSHealthUpdateUsageDescription = "RunCraft saves completed workouts so they sync with the Fitness app and inform your training progress.";
				INFOPLIST_KEY_UISupportedInterfaceOrientations = "UIInterfaceOrientationPortrait UIInterfaceOrientationPortraitUpsideDown";
				INFOPLIST_KEY_WKCompanionAppBundleIdentifier = io.marstudio.RunCraft.RunCraft;
				LD_RUNPATH_SEARCH_PATHS = (
					"$(inherited)",
					"@executable_path/Frameworks",
				);
				MARKETING_VERSION = 1.0;
				PRODUCT_BUNDLE_IDENTIFIER = io.marstudio.RunCraft.RunCraft.watchkitapp;
				PRODUCT_NAME = "$(TARGET_NAME)";
				SDKROOT = watchos;
				SKIP_INSTALL = YES;
				STRING_CATALOG_GENERATE_SYMBOLS = YES;
				SWIFT_APPROACHABLE_CONCURRENCY = YES;
				SWIFT_DEFAULT_ACTOR_ISOLATION = MainActor;
				SWIFT_EMIT_LOC_STRINGS = YES;
				SWIFT_UPCOMING_FEATURE_MEMBER_IMPORT_VISIBILITY = YES;
				SWIFT_VERSION = 5.0;
				TARGETED_DEVICE_FAMILY = 4;
				VALIDATE_PRODUCT = YES;
				WATCHOS_DEPLOYMENT_TARGET = 26.5;
			};
			name = Release;
		};
		A2C9100E2FB830CD00D0D23E /* Debug */ = {
			isa = XCBuildConfiguration;
			buildSettings = {
				ALWAYS_SEARCH_USER_PATHS = NO;
				ASSETCATALOG_COMPILER_GENERATE_SWIFT_ASSET_SYMBOL_EXTENSIONS = YES;
				CLANG_ANALYZER_NONNULL = YES;
				CLANG_ANALYZER_NUMBER_OBJECT_CONVERSION = YES_AGGRESSIVE;
				CLANG_CXX_LANGUAGE_STANDARD = "gnu++20";
				CLANG_ENABLE_MODULES = YES;
				CLANG_ENABLE_OBJC_ARC = YES;
				CLANG_ENABLE_OBJC_WEAK = YES;
				CLANG_WARN_BLOCK_CAPTURE_AUTORELEASING = YES;
				CLANG_WARN_BOOL_CONVERSION = YES;
				CLANG_WARN_COMMA = YES;
				CLANG_WARN_CONSTANT_CONVERSION = YES;
				CLANG_WARN_DEPRECATED_OBJC_IMPLEMENTATIONS = YES;
				CLANG_WARN_DIRECT_OBJC_ISA_USAGE = YES_ERROR;
				CLANG_WARN_DOCUMENTATION_COMMENTS = YES;
				CLANG_WARN_EMPTY_BODY = YES;
				CLANG_WARN_ENUM_CONVERSION = YES;
				CLANG_WARN_INFINITE_RECURSION = YES;
				CLANG_WARN_INT_CONVERSION = YES;
				CLANG_WARN_NON_LITERAL_NULL_CONVERSION = YES;
				CLANG_WARN_OBJC_IMPLICIT_RETAIN_SELF = YES;
				CLANG_WARN_OBJC_LITERAL_CONVERSION = YES;
				CLANG_WARN_OBJC_ROOT_CLASS = YES_ERROR;
				CLANG_WARN_QUOTED_INCLUDE_IN_FRAMEWORK_HEADER = YES;
				CLANG_WARN_RANGE_LOOP_ANALYSIS = YES;
				CLANG_WARN_STRICT_PROTOTYPES = YES;
				CLANG_WARN_SUSPICIOUS_MOVE = YES;
				CLANG_WARN_UNGUARDED_AVAILABILITY = YES_AGGRESSIVE;
				CLANG_WARN_UNREACHABLE_CODE = YES;
				CLANG_WARN__DUPLICATE_METHOD_MATCH = YES;
				COPY_PHASE_STRIP = NO;
				DEBUG_INFORMATION_FORMAT = dwarf;
				DEVELOPMENT_TEAM = 9PRFX23G7R;
				ENABLE_STRICT_OBJC_MSGSEND = YES;
				ENABLE_TESTABILITY = YES;
				ENABLE_USER_SCRIPT_SANDBOXING = YES;
				GCC_C_LANGUAGE_STANDARD = gnu17;
				GCC_DYNAMIC_NO_PIC = NO;
				GCC_NO_COMMON_BLOCKS = YES;
				GCC_OPTIMIZATION_LEVEL = 0;
				GCC_PREPROCESSOR_DEFINITIONS = (
					"DEBUG=1",
					"$(inherited)",
				);
				GCC_WARN_64_TO_32_BIT_CONVERSION = YES;
				GCC_WARN_ABOUT_RETURN_TYPE = YES_ERROR;
				GCC_WARN_UNDECLARED_SELECTOR = YES;
				GCC_WARN_UNINITIALIZED_AUTOS = YES_AGGRESSIVE;
				GCC_WARN_UNUSED_FUNCTION = YES;
				GCC_WARN_UNUSED_VARIABLE = YES;
				LOCALIZATION_PREFERS_STRING_CATALOGS = YES;
				MTL_ENABLE_DEBUG_INFO = INCLUDE_SOURCE;
				MTL_FAST_MATH = YES;
				ONLY_ACTIVE_ARCH = YES;
				SWIFT_ACTIVE_COMPILATION_CONDITIONS = "DEBUG $(inherited)";
				SWIFT_OPTIMIZATION_LEVEL = "-Onone";
			};
			name = Debug;
		};
		A2C9100F2FB830CD00D0D23E /* Release */ = {
			isa = XCBuildConfiguration;
			buildSettings = {
				ALWAYS_SEARCH_USER_PATHS = NO;
				ASSETCATALOG_COMPILER_GENERATE_SWIFT_ASSET_SYMBOL_EXTENSIONS = YES;
				CLANG_ANALYZER_NONNULL = YES;
				CLANG_ANALYZER_NUMBER_OBJECT_CONVERSION = YES_AGGRESSIVE;
				CLANG_CXX_LANGUAGE_STANDARD = "gnu++20";
				CLANG_ENABLE_MODULES = YES;
				CLANG_ENABLE_OBJC_ARC = YES;
				CLANG_ENABLE_OBJC_WEAK = YES;
				CLANG_WARN_BLOCK_CAPTURE_AUTORELEASING = YES;
				CLANG_WARN_BOOL_CONVERSION = YES;
				CLANG_WARN_COMMA = YES;
				CLANG_WARN_CONSTANT_CONVERSION = YES;
				CLANG_WARN_DEPRECATED_OBJC_IMPLEMENTATIONS = YES;
				CLANG_WARN_DIRECT_OBJC_ISA_USAGE = YES_ERROR;
				CLANG_WARN_DOCUMENTATION_COMMENTS = YES;
				CLANG_WARN_EMPTY_BODY = YES;
				CLANG_WARN_ENUM_CONVERSION = YES;
				CLANG_WARN_INFINITE_RECURSION = YES;
				CLANG_WARN_INT_CONVERSION = YES;
				CLANG_WARN_NON_LITERAL_NULL_CONVERSION = YES;
				CLANG_WARN_OBJC_IMPLICIT_RETAIN_SELF = YES;
				CLANG_WARN_OBJC_LITERAL_CONVERSION = YES;
				CLANG_WARN_OBJC_ROOT_CLASS = YES_ERROR;
				CLANG_WARN_QUOTED_INCLUDE_IN_FRAMEWORK_HEADER = YES;
				CLANG_WARN_RANGE_LOOP_ANALYSIS = YES;
				CLANG_WARN_STRICT_PROTOTYPES = YES;
				CLANG_WARN_SUSPICIOUS_MOVE = YES;
				CLANG_WARN_UNGUARDED_AVAILABILITY = YES_AGGRESSIVE;
				CLANG_WARN_UNREACHABLE_CODE = YES;
				CLANG_WARN__DUPLICATE_METHOD_MATCH = YES;
				COPY_PHASE_STRIP = NO;
				DEBUG_INFORMATION_FORMAT = "dwarf-with-dsym";
				DEVELOPMENT_TEAM = 9PRFX23G7R;
				ENABLE_NS_ASSERTIONS = NO;
				ENABLE_STRICT_OBJC_MSGSEND = YES;
				ENABLE_USER_SCRIPT_SANDBOXING = YES;
				GCC_C_LANGUAGE_STANDARD = gnu17;
				GCC_NO_COMMON_BLOCKS = YES;
				GCC_WARN_64_TO_32_BIT_CONVERSION = YES;
				GCC_WARN_ABOUT_RETURN_TYPE = YES_ERROR;
				GCC_WARN_UNDECLARED_SELECTOR = YES;
				GCC_WARN_UNINITIALIZED_AUTOS = YES_AGGRESSIVE;
				GCC_WARN_UNUSED_FUNCTION = YES;
				GCC_WARN_UNUSED_VARIABLE = YES;
				LOCALIZATION_PREFERS_STRING_CATALOGS = YES;
				MTL_ENABLE_DEBUG_INFO = NO;
				MTL_FAST_MATH = YES;
				SWIFT_COMPILATION_MODE = wholemodule;
			};
			name = Release;
		};
		A2C910112FB830CD00D0D23E /* Debug */ = {
			isa = XCBuildConfiguration;
			buildSettings = {
				ASSETCATALOG_COMPILER_APPICON_NAME = AppIcon;
				ASSETCATALOG_COMPILER_GLOBAL_ACCENT_COLOR_NAME = AccentColor;
				"CODE_SIGNING_ALLOWED[sdk=iphonesimulator*]" = NO;
				"CODE_SIGNING_REQUIRED[sdk=iphonesimulator*]" = NO;
				CODE_SIGN_ENTITLEMENTS = RunCraft/RunCraft.entitlements;
				"CODE_SIGN_IDENTITY[sdk=iphonesimulator*]" = "-";
				CODE_SIGN_STYLE = Automatic;
				CURRENT_PROJECT_VERSION = 1;
				DEVELOPMENT_TEAM = 9PRFX23G7R;
				ENABLE_APP_SANDBOX = YES;
				ENABLE_HARDENED_RUNTIME = YES;
				ENABLE_PREVIEWS = YES;
				ENABLE_USER_SELECTED_FILES = readonly;
				GENERATE_INFOPLIST_FILE = YES;
				INFOPLIST_FILE = RunCraft/Info.plist;
				INFOPLIST_KEY_NSHealthShareUsageDescription = "RunCraft reads your workout history to calculate your VDOT fitness level.";
				"INFOPLIST_KEY_UIApplicationSceneManifest_Generation[sdk=iphoneos*]" = YES;
				"INFOPLIST_KEY_UIApplicationSceneManifest_Generation[sdk=iphonesimulator*]" = YES;
				"INFOPLIST_KEY_UIApplicationSupportsIndirectInputEvents[sdk=iphoneos*]" = YES;
				"INFOPLIST_KEY_UIApplicationSupportsIndirectInputEvents[sdk=iphonesimulator*]" = YES;
				"INFOPLIST_KEY_UILaunchScreen_Generation[sdk=iphoneos*]" = YES;
				"INFOPLIST_KEY_UILaunchScreen_Generation[sdk=iphonesimulator*]" = YES;
				"INFOPLIST_KEY_UIStatusBarStyle[sdk=iphoneos*]" = UIStatusBarStyleDefault;
				"INFOPLIST_KEY_UIStatusBarStyle[sdk=iphonesimulator*]" = UIStatusBarStyleDefault;
				INFOPLIST_KEY_UISupportedInterfaceOrientations_iPad = "UIInterfaceOrientationPortrait UIInterfaceOrientationPortraitUpsideDown UIInterfaceOrientationLandscapeLeft UIInterfaceOrientationLandscapeRight";
				INFOPLIST_KEY_UISupportedInterfaceOrientations_iPhone = "UIInterfaceOrientationPortrait UIInterfaceOrientationLandscapeLeft UIInterfaceOrientationLandscapeRight";
				IPHONEOS_DEPLOYMENT_TARGET = 26.4;
				LD_RUNPATH_SEARCH_PATHS = "@executable_path/Frameworks";
				"LD_RUNPATH_SEARCH_PATHS[sdk=macosx*]" = "@executable_path/../Frameworks";
				MACOSX_DEPLOYMENT_TARGET = 26.4;
				MARKETING_VERSION = 1.0;
				PRODUCT_BUNDLE_IDENTIFIER = io.marstudio.RunCraft.RunCraft;
				PRODUCT_NAME = "$(TARGET_NAME)";
				REGISTER_APP_GROUPS = NO;
				SDKROOT = auto;
				STRING_CATALOG_GENERATE_SYMBOLS = YES;
				SUPPORTED_PLATFORMS = "iphoneos iphonesimulator";
				SWIFT_APPROACHABLE_CONCURRENCY = YES;
				SWIFT_DEFAULT_ACTOR_ISOLATION = MainActor;
				SWIFT_EMIT_LOC_STRINGS = YES;
				SWIFT_UPCOMING_FEATURE_MEMBER_IMPORT_VISIBILITY = YES;
				SWIFT_VERSION = 5.0;
				TARGETED_DEVICE_FAMILY = "1,2";
				XROS_DEPLOYMENT_TARGET = 26.4;
			};
			name = Debug;
		};
		A2C910122FB830CD00D0D23E /* Release */ = {
			isa = XCBuildConfiguration;
			buildSettings = {
				ASSETCATALOG_COMPILER_APPICON_NAME = AppIcon;
				ASSETCATALOG_COMPILER_GLOBAL_ACCENT_COLOR_NAME = AccentColor;
				"CODE_SIGNING_ALLOWED[sdk=iphonesimulator*]" = NO;
				"CODE_SIGNING_REQUIRED[sdk=iphonesimulator*]" = NO;
				CODE_SIGN_ENTITLEMENTS = RunCraft/RunCraft.entitlements;
				"CODE_SIGN_IDENTITY[sdk=iphonesimulator*]" = "-";
				CODE_SIGN_STYLE = Automatic;
				CURRENT_PROJECT_VERSION = 1;
				DEVELOPMENT_TEAM = 9PRFX23G7R;
				ENABLE_APP_SANDBOX = YES;
				ENABLE_HARDENED_RUNTIME = YES;
				ENABLE_PREVIEWS = YES;
				ENABLE_USER_SELECTED_FILES = readonly;
				GENERATE_INFOPLIST_FILE = YES;
				INFOPLIST_FILE = RunCraft/Info.plist;
				INFOPLIST_KEY_NSHealthShareUsageDescription = "RunCraft reads your workout history to calculate your VDOT fitness level.";
				"INFOPLIST_KEY_UIApplicationSceneManifest_Generation[sdk=iphoneos*]" = YES;
				"INFOPLIST_KEY_UIApplicationSceneManifest_Generation[sdk=iphonesimulator*]" = YES;
				"INFOPLIST_KEY_UIApplicationSupportsIndirectInputEvents[sdk=iphoneos*]" = YES;
				"INFOPLIST_KEY_UIApplicationSupportsIndirectInputEvents[sdk=iphonesimulator*]" = YES;
				"INFOPLIST_KEY_UILaunchScreen_Generation[sdk=iphoneos*]" = YES;
				"INFOPLIST_KEY_UILaunchScreen_Generation[sdk=iphonesimulator*]" = YES;
				"INFOPLIST_KEY_UIStatusBarStyle[sdk=iphoneos*]" = UIStatusBarStyleDefault;
				"INFOPLIST_KEY_UIStatusBarStyle[sdk=iphonesimulator*]" = UIStatusBarStyleDefault;
				INFOPLIST_KEY_UISupportedInterfaceOrientations_iPad = "UIInterfaceOrientationPortrait UIInterfaceOrientationPortraitUpsideDown UIInterfaceOrientationLandscapeLeft UIInterfaceOrientationLandscapeRight";
				INFOPLIST_KEY_UISupportedInterfaceOrientations_iPhone = "UIInterfaceOrientationPortrait UIInterfaceOrientationLandscapeLeft UIInterfaceOrientationLandscapeRight";
				IPHONEOS_DEPLOYMENT_TARGET = 26.4;
				LD_RUNPATH_SEARCH_PATHS = "@executable_path/Frameworks";
				"LD_RUNPATH_SEARCH_PATHS[sdk=macosx*]" = "@executable_path/../Frameworks";
				MACOSX_DEPLOYMENT_TARGET = 26.4;
				MARKETING_VERSION = 1.0;
				PRODUCT_BUNDLE_IDENTIFIER = io.marstudio.RunCraft.RunCraft;
				PRODUCT_NAME = "$(TARGET_NAME)";
				REGISTER_APP_GROUPS = NO;
				SDKROOT = auto;
				STRING_CATALOG_GENERATE_SYMBOLS = YES;
				SUPPORTED_PLATFORMS = "iphoneos iphonesimulator";
				SWIFT_APPROACHABLE_CONCURRENCY = YES;
				SWIFT_DEFAULT_ACTOR_ISOLATION = MainActor;
				SWIFT_EMIT_LOC_STRINGS = YES;
				SWIFT_UPCOMING_FEATURE_MEMBER_IMPORT_VISIBILITY = YES;
				SWIFT_VERSION = 5.0;
				TARGETED_DEVICE_FAMILY = "1,2";
				XROS_DEPLOYMENT_TARGET = 26.4;
			};
			name = Release;
		};
/* End XCBuildConfiguration section */

/* Begin XCConfigurationList section */
		A20A671C2FDFD1150017A9BA /* Build configuration list for PBXNativeTarget "TodayWidgetExtension" */ = {
			isa = XCConfigurationList;
			buildConfigurations = (
				A20A671D2FDFD1150017A9BA /* Debug */,
				A20A671E2FDFD1150017A9BA /* Release */,
			);
			defaultConfigurationIsVisible = 0;
			defaultConfigurationName = Release;
		};
		A20CBA912FE054EE0060F9C3 /* Build configuration list for PBXNativeTarget "RunCraftWatch Watch App" */ = {
			isa = XCConfigurationList;
			buildConfigurations = (
				A20CBA8F2FE054EE0060F9C3 /* Debug */,
				A20CBA902FE054EE0060F9C3 /* Release */,
			);
			defaultConfigurationIsVisible = 0;
			defaultConfigurationName = Release;
		};
		A2C910002FB830CB00D0D23E /* Build configuration list for PBXProject "RunCraft" */ = {
			isa = XCConfigurationList;
			buildConfigurations = (
				A2C9100E2FB830CD00D0D23E /* Debug */,
				A2C9100F2FB830CD00D0D23E /* Release */,
			);
			defaultConfigurationIsVisible = 0;
			defaultConfigurationName = Release;
		};
		A2C910102FB830CD00D0D23E /* Build configuration list for PBXNativeTarget "RunCraft" */ = {
			isa = XCConfigurationList;
			buildConfigurations = (
				A2C910112FB830CD00D0D23E /* Debug */,
				A2C910122FB830CD00D0D23E /* Release */,
			);
			defaultConfigurationIsVisible = 0;
			defaultConfigurationName = Release;
		};
/* End XCConfigurationList section */

/* Begin XCLocalSwiftPackageReference section */
		A2C910202FB830CB00D0D23E /* XCLocalSwiftPackageReference "../RunCraftPackage" */ = {
			isa = XCLocalSwiftPackageReference;
			relativePath = ../RunCraftPackage;
		};
/* End XCLocalSwiftPackageReference section */

/* Begin XCSwiftPackageProductDependency section */
		A20A67212FDFD1290017A9BA /* RunCraftIntents */ = {
			isa = XCSwiftPackageProductDependency;
			productName = RunCraftIntents;
		};
		A20CBA932FE055D10060F9C3 /* AppleWatchSync */ = {
			isa = XCSwiftPackageProductDependency;
			productName = AppleWatchSync;
		};
		A20CBA952FE055DD0060F9C3 /* RunCraftModels */ = {
			isa = XCSwiftPackageProductDependency;
			productName = RunCraftModels;
		};
		A2C910212FB830CB00D0D23E /* AppFeature */ = {
			isa = XCSwiftPackageProductDependency;
			package = A2C910202FB830CB00D0D23E /* XCLocalSwiftPackageReference "../RunCraftPackage" */;
			productName = AppFeature;
		};
/* End XCSwiftPackageProductDependency section */
	};
	rootObject = A2C90FFD2FB830CB00D0D23E /* Project object */;
}
